
Microsoft Visual Studio Solution File, Format Version 12.00
Project("{FAE04EC0-301F-11D3-BF4B-00C04F79EFBC}") = "MoreTech.Api", "MoreTech.Api\MoreTech.Api.csproj", "{66D14A39-C0F1-429E-9B5B-CEB4A2C74AAF}"
EndProject
Project("{2150E333-8FDC-42A3-9474-1A3956D46DE8}") = "Data", "Data", "{CCB9EEEA-0DC0-4590-9F7F-BC1D289AA71D}"
EndProject
Project("{2150E333-8FDC-42A3-9474-1A3956D46DE8}") = "Web", "Web", "{F4F3ECEB-C7EB-446A-880B-C59E58012F66}"
EndProject
Project("{2150E333-8FDC-42A3-9474-1A3956D46DE8}") = "Common", "Common", "{8B3B3A0F-BCBA-451E-B5AE-68D864926553}"
EndProject
Project("{2150E333-8FDC-42A3-9474-1A3956D46DE8}") = "Integration", "Integration", "{9ADA09FE-C8A4-4EEF-AA4A-3ADCE4FABE9C}"
EndProject
Project("{FAE04EC0-301F-11D3-BF4B-00C04F79EFBC}") = "Newscatcher.Client", "Newscatcher.Client\Newscatcher.Client.csproj", "{4A5C9256-2DD7-49C4-B391-FAE777EE464D}"
EndProject
Project("{FAE04EC0-301F-11D3-BF4B-00C04F79EFBC}") = "Newscatcher.Client.Contracts", "Newscatcher.Client.Contracts\Newscatcher.Client.Contracts.csproj", "{1D595DAD-3D77-4456-966D-E6DC8C9F18B5}"
EndProject
Project("{FAE04EC0-301F-11D3-BF4B-00C04F79EFBC}") = "MoreTech.Configuration", "MoreTech.Configuration\MoreTech.Configuration.csproj", "{68D9CD4C-1130-42EB-B681-B6F80FED39FC}"
EndProject
Project("{FAE04EC0-301F-11D3-BF4B-00C04F79EFBC}") = "MoreTech.Services", "MoreTech.Services\MoreTech.Services.csproj", "{9D173924-D609-4CEE-AC6D-62B70E549EB9}"
EndProject
Project("{FAE04EC0-301F-11D3-BF4B-00C04F79EFBC}") = "MoreTech.Service.Contracts", "MoreTech.Service.Contracts\MoreTech.Service.Contracts.csproj", "{DAEBE263-8F0B-4FF5-8102-D2805247C83C}"
EndProject
Project("{FAE04EC0-301F-11D3-BF4B-00C04F79EFBC}") = "MoreTech.DomainModels", "MoreTech.DomainModels\MoreTech.DomainModels.csproj", "{0F41AE9B-293C-460F-9FFF-F24C3B4EB45A}"
EndProject
Project("{FAE04EC0-301F-11D3-BF4B-00C04F79EFBC}") = "NewsCatcher.Repositories.Contracts", "NewsCatcher.Repositories.Contracts\NewsCatcher.Repositories.Contracts.csproj", "{B2F73436-CF14-4E64-9663-03AACBACA0C8}"
EndProject
Project("{FAE04EC0-301F-11D3-BF4B-00C04F79EFBC}") = "NewsCatcher.Repositories", "NewsCatcher.Repositories\NewsCatcher.Repositories.csproj", "{9B00F147-8BBD-4DA2-8581-2F042FBCB552}"
EndProject
Project("{FAE04EC0-301F-11D3-BF4B-00C04F79EFBC}") = "MoreTech.MapperProfiles", "MoreTech.MapperProfiles\MoreTech.MapperProfiles.csproj", "{66792D62-D1C5-46D8-8E8D-E73B38EC77A1}"
EndProject
Global
	GlobalSection(SolutionConfigurationPlatforms) = preSolution
		Debug|Any CPU = Debug|Any CPU
		Release|Any CPU = Release|Any CPU
	EndGlobalSection
	GlobalSection(ProjectConfigurationPlatforms) = postSolution
		{66D14A39-C0F1-429E-9B5B-CEB4A2C74AAF}.Debug|Any CPU.ActiveCfg = Debug|Any CPU
		{66D14A39-C0F1-429E-9B5B-CEB4A2C74AAF}.Debug|Any CPU.Build.0 = Debug|Any CPU
		{66D14A39-C0F1-429E-9B5B-CEB4A2C74AAF}.Release|Any CPU.ActiveCfg = Release|Any CPU
		{66D14A39-C0F1-429E-9B5B-CEB4A2C74AAF}.Release|Any CPU.Build.0 = Release|Any CPU
		{4A5C9256-2DD7-49C4-B391-FAE777EE464D}.Debug|Any CPU.ActiveCfg = Debug|Any CPU
		{4A5C9256-2DD7-49C4-B391-FAE777EE464D}.Debug|Any CPU.Build.0 = Debug|Any CPU
		{4A5C9256-2DD7-49C4-B391-FAE777EE464D}.Release|Any CPU.ActiveCfg = Release|Any CPU
		{4A5C9256-2DD7-49C4-B391-FAE777EE464D}.Release|Any CPU.Build.0 = Release|Any CPU
		{1D595DAD-3D77-4456-966D-E6DC8C9F18B5}.Debug|Any CPU.ActiveCfg = Debug|Any CPU
		{1D595DAD-3D77-4456-966D-E6DC8C9F18B5}.Debug|Any CPU.Build.0 = Debug|Any CPU
		{1D595DAD-3D77-4456-966D-E6DC8C9F18B5}.Release|Any CPU.ActiveCfg = Release|Any CPU
		{1D595DAD-3D77-4456-966D-E6DC8C9F18B5}.Release|Any CPU.Build.0 = Release|Any CPU
		{68D9CD4C-1130-42EB-B681-B6F80FED39FC}.Debug|Any CPU.ActiveCfg = Debug|Any CPU
		{68D9CD4C-1130-42EB-B681-B6F80FED39FC}.Debug|Any CPU.Build.0 = Debug|Any CPU
		{68D9CD4C-1130-42EB-B681-B6F80FED39FC}.Release|Any CPU.ActiveCfg = Release|Any CPU
		{68D9CD4C-1130-42EB-B681-B6F80FED39FC}.Release|Any CPU.Build.0 = Release|Any CPU
		{9D173924-D609-4CEE-AC6D-62B70E549EB9}.Debug|Any CPU.ActiveCfg = Debug|Any CPU
		{9D173924-D609-4CEE-AC6D-62B70E549EB9}.Debug|Any CPU.Build.0 = Debug|Any CPU
		{9D173924-D609-4CEE-AC6D-62B70E549EB9}.Release|Any CPU.ActiveCfg = Release|Any CPU
		{9D173924-D609-4CEE-AC6D-62B70E549EB9}.Release|Any CPU.Build.0 = Release|Any CPU
		{DAEBE263-8F0B-4FF5-8102-D2805247C83C}.Debug|Any CPU.ActiveCfg = Debug|Any CPU
		{DAEBE263-8F0B-4FF5-8102-D2805247C83C}.Debug|Any CPU.Build.0 = Debug|Any CPU
		{DAEBE263-8F0B-4FF5-8102-D2805247C83C}.Release|Any CPU.ActiveCfg = Release|Any CPU
		{DAEBE263-8F0B-4FF5-8102-D2805247C83C}.Release|Any CPU.Build.0 = Release|Any CPU
		{0F41AE9B-293C-460F-9FFF-F24C3B4EB45A}.Debug|Any CPU.ActiveCfg = Debug|Any CPU
		{0F41AE9B-293C-460F-9FFF-F24C3B4EB45A}.Debug|Any CPU.Build.0 = Debug|Any CPU
		{0F41AE9B-293C-460F-9FFF-F24C3B4EB45A}.Release|Any CPU.ActiveCfg = Release|Any CPU
		{0F41AE9B-293C-460F-9FFF-F24C3B4EB45A}.Release|Any CPU.Build.0 = Release|Any CPU
		{B2F73436-CF14-4E64-9663-03AACBACA0C8}.Debug|Any CPU.ActiveCfg = Debug|Any CPU
		{B2F73436-CF14-4E64-9663-03AACBACA0C8}.Debug|Any CPU.Build.0 = Debug|Any CPU
		{B2F73436-CF14-4E64-9663-03AACBACA0C8}.Release|Any CPU.ActiveCfg = Release|Any CPU
		{B2F73436-CF14-4E64-9663-03AACBACA0C8}.Release|Any CPU.Build.0 = Release|Any CPU
		{9B00F147-8BBD-4DA2-8581-2F042FBCB552}.Debug|Any CPU.ActiveCfg = Debug|Any CPU
		{9B00F147-8BBD-4DA2-8581-2F042FBCB552}.Debug|Any CPU.Build.0 = Debug|Any CPU
		{9B00F147-8BBD-4DA2-8581-2F042FBCB552}.Release|Any CPU.ActiveCfg = Release|Any CPU
		{9B00F147-8BBD-4DA2-8581-2F042FBCB552}.Release|Any CPU.Build.0 = Release|Any CPU
		{66792D62-D1C5-46D8-8E8D-E73B38EC77A1}.Debug|Any CPU.ActiveCfg = Debug|Any CPU
		{66792D62-D1C5-46D8-8E8D-E73B38EC77A1}.Debug|Any CPU.Build.0 = Debug|Any CPU
		{66792D62-D1C5-46D8-8E8D-E73B38EC77A1}.Release|Any CPU.ActiveCfg = Release|Any CPU
		{66792D62-D1C5-46D8-8E8D-E73B38EC77A1}.Release|Any CPU.Build.0 = Release|Any CPU
	EndGlobalSection
	GlobalSection(NestedProjects) = preSolution
		{66D14A39-C0F1-429E-9B5B-CEB4A2C74AAF} = {F4F3ECEB-C7EB-446A-880B-C59E58012F66}
		{4A5C9256-2DD7-49C4-B391-FAE777EE464D} = {9ADA09FE-C8A4-4EEF-AA4A-3ADCE4FABE9C}
		{1D595DAD-3D77-4456-966D-E6DC8C9F18B5} = {9ADA09FE-C8A4-4EEF-AA4A-3ADCE4FABE9C}
		{68D9CD4C-1130-42EB-B681-B6F80FED39FC} = {8B3B3A0F-BCBA-451E-B5AE-68D864926553}
		{9D173924-D609-4CEE-AC6D-62B70E549EB9} = {9ADA09FE-C8A4-4EEF-AA4A-3ADCE4FABE9C}
		{DAEBE263-8F0B-4FF5-8102-D2805247C83C} = {9ADA09FE-C8A4-4EEF-AA4A-3ADCE4FABE9C}
		{0F41AE9B-293C-460F-9FFF-F24C3B4EB45A} = {CCB9EEEA-0DC0-4590-9F7F-BC1D289AA71D}
		{B2F73436-CF14-4E64-9663-03AACBACA0C8} = {9ADA09FE-C8A4-4EEF-AA4A-3ADCE4FABE9C}
		{9B00F147-8BBD-4DA2-8581-2F042FBCB552} = {9ADA09FE-C8A4-4EEF-AA4A-3ADCE4FABE9C}
		{66792D62-D1C5-46D8-8E8D-E73B38EC77A1} = {8B3B3A0F-BCBA-451E-B5AE-68D864926553}
	EndGlobalSection
EndGlobal
